
Microsoft Visual Studio Solution File, Format Version 12.00
# Visual Studio 2013
VisualStudioVersion = 12.0.31101.0
MinimumVisualStudioVersion = 10.0.40219.1
Project("{FAE04EC0-301F-11D3-BF4B-00C04F79EFBC}") = "SupermarketsChain.ConsoleClient", "SupermarketsChain.ConsoleClient\SupermarketsChain.ConsoleClient.csproj", "{05ABF3F8-935E-4D86-BBB9-58EDED9F393D}"
EndProject
Project("{FAE04EC0-301F-11D3-BF4B-00C04F79EFBC}") = "SupermarketsChain.Models", "SupermarketsChain.Models\SupermarketsChain.Models.csproj", "{0605DDBB-423B-4D4F-B7C1-9B225DCA7C7B}"
EndProject
Project("{FAE04EC0-301F-11D3-BF4B-00C04F79EFBC}") = "SupermarketsChain.Data", "SupermarketsChain.Data\SupermarketsChain.Data.csproj", "{17904A00-F63C-49F2-82E4-6BACAC962924}"
EndProject
Project("{FAE04EC0-301F-11D3-BF4B-00C04F79EFBC}") = "SupermarketsChain.Helpers", "SupermarketsChain.Helpers\SupermarketsChain.Helpers.csproj", "{40D1B155-8F09-4C8B-908D-E6520B4530D8}"
EndProject
Global
	GlobalSection(SolutionConfigurationPlatforms) = preSolution
		Debug|Any CPU = Debug|Any CPU
		Release|Any CPU = Release|Any CPU
	EndGlobalSection
	GlobalSection(ProjectConfigurationPlatforms) = postSolution
		{05ABF3F8-935E-4D86-BBB9-58EDED9F393D}.Debug|Any CPU.ActiveCfg = Debug|Any CPU
		{05ABF3F8-935E-4D86-BBB9-58EDED9F393D}.Debug|Any CPU.Build.0 = Debug|Any CPU
		{05ABF3F8-935E-4D86-BBB9-58EDED9F393D}.Release|Any CPU.ActiveCfg = Release|Any CPU
		{05ABF3F8-935E-4D86-BBB9-58EDED9F393D}.Release|Any CPU.Build.0 = Release|Any CPU
		{0605DDBB-423B-4D4F-B7C1-9B225DCA7C7B}.Debug|Any CPU.ActiveCfg = Debug|Any CPU
		{0605DDBB-423B-4D4F-B7C1-9B225DCA7C7B}.Debug|Any CPU.Build.0 = Debug|Any CPU
		{0605DDBB-423B-4D4F-B7C1-9B225DCA7C7B}.Release|Any CPU.ActiveCfg = Release|Any CPU
		{0605DDBB-423B-4D4F-B7C1-9B225DCA7C7B}.Release|Any CPU.Build.0 = Release|Any CPU
		{17904A00-F63C-49F2-82E4-6BACAC962924}.Debug|Any CPU.ActiveCfg = Debug|Any CPU
		{17904A00-F63C-49F2-82E4-6BACAC962924}.Debug|Any CPU.Build.0 = Debug|Any CPU
		{17904A00-F63C-49F2-82E4-6BACAC962924}.Release|Any CPU.ActiveCfg = Release|Any CPU
		{17904A00-F63C-49F2-82E4-6BACAC962924}.Release|Any CPU.Build.0 = Release|Any CPU
		{40D1B155-8F09-4C8B-908D-E6520B4530D8}.Debug|Any CPU.ActiveCfg = Debug|Any CPU
		{40D1B155-8F09-4C8B-908D-E6520B4530D8}.Debug|Any CPU.Build.0 = Debug|Any CPU
		{40D1B155-8F09-4C8B-908D-E6520B4530D8}.Release|Any CPU.ActiveCfg = Release|Any CPU
		{40D1B155-8F09-4C8B-908D-E6520B4530D8}.Release|Any CPU.Build.0 = Release|Any CPU
	EndGlobalSection
	GlobalSection(SolutionProperties) = preSolution
		HideSolutionNode = FALSE
	EndGlobalSection
EndGlobal
